
Microsoft Visual Studio Solution File, Format Version 12.00
Project("{FAE04EC0-301F-11D3-BF4B-00C04F79EFBC}") = "FileStorage.Identity", "FileStorage.Identity\FileStorage.Identity.csproj", "{B1F3773E-CBD1-4AE0-9C47-D2DECE39AE92}"
EndProject
Global
	GlobalSection(SolutionConfigurationPlatforms) = preSolution
		Debug|Any CPU = Debug|Any CPU
		Release|Any CPU = Release|Any CPU
	EndGlobalSection
	GlobalSection(ProjectConfigurationPlatforms) = postSolution
		{B1F3773E-CBD1-4AE0-9C47-D2DECE39AE92}.Debug|Any CPU.ActiveCfg = Debug|Any CPU
		{B1F3773E-CBD1-4AE0-9C47-D2DECE39AE92}.Debug|Any CPU.Build.0 = Debug|Any CPU
		{B1F3773E-CBD1-4AE0-9C47-D2DECE39AE92}.Release|Any CPU.ActiveCfg = Release|Any CPU
		{B1F3773E-CBD1-4AE0-9C47-D2DECE39AE92}.Release|Any CPU.Build.0 = Release|Any CPU
	EndGlobalSection
EndGlobal
