
Microsoft Visual Studio Solution File, Format Version 12.00
# Visual Studio Version 16
VisualStudioVersion = 16.0.32126.315
MinimumVisualStudioVersion = 10.0.40219.1
Project("{2150E333-8FDC-42A3-9474-1A3956D46DE8}") = "Data", "Data", "{753A380E-5EF4-4725-846A-AA2243CDA260}"
EndProject
Project("{9A19103F-16F7-4668-BE54-9A1E7A4F7556}") = "Data", "Data\Data.csproj", "{4DCE7079-CB2A-4E61-B5E5-572EC2BB07D8}"
EndProject
Project("{2150E333-8FDC-42A3-9474-1A3956D46DE8}") = "Business", "Business", "{D729E1F5-6F99-47FF-96AA-83F7FE3D848B}"
EndProject
Project("{2150E333-8FDC-42A3-9474-1A3956D46DE8}") = "WebApi", "WebApi", "{BCCC3F14-F62F-4257-92E5-35DE37A12034}"
EndProject
Project("{9A19103F-16F7-4668-BE54-9A1E7A4F7556}") = "Business", "Business\Business.csproj", "{11BB5E63-52BA-45C1-A017-A3E7EE3F7027}"
EndProject
Project("{9A19103F-16F7-4668-BE54-9A1E7A4F7556}") = "WebApi", "WebApi\WebApi\WebApi.csproj", "{68CC1F50-FD8E-48DB-B9D0-9773870D08EA}"
EndProject
Project("{2150E333-8FDC-42A3-9474-1A3956D46DE8}") = "Tests", "Tests", "{A4E07E19-C850-4277-81E1-F0640DF9C07F}"
EndProject
Project("{9A19103F-16F7-4668-BE54-9A1E7A4F7556}") = "Data.Tests", "Data.Tests\Data.Tests.csproj", "{0B6D167E-147F-49E7-A3F9-173E2646AAE9}"
EndProject
Project("{9A19103F-16F7-4668-BE54-9A1E7A4F7556}") = "Business.Tests", "Business.Tests\Business.Tests.csproj", "{B3713512-814A-4EE0-A759-192B32E73ED7}"
EndProject
Global
	GlobalSection(SolutionConfigurationPlatforms) = preSolution
		Debug|Any CPU = Debug|Any CPU
		Release|Any CPU = Release|Any CPU
	EndGlobalSection
	GlobalSection(ProjectConfigurationPlatforms) = postSolution
		{4DCE7079-CB2A-4E61-B5E5-572EC2BB07D8}.Debug|Any CPU.ActiveCfg = Debug|Any CPU
		{4DCE7079-CB2A-4E61-B5E5-572EC2BB07D8}.Debug|Any CPU.Build.0 = Debug|Any CPU
		{4DCE7079-CB2A-4E61-B5E5-572EC2BB07D8}.Release|Any CPU.ActiveCfg = Release|Any CPU
		{4DCE7079-CB2A-4E61-B5E5-572EC2BB07D8}.Release|Any CPU.Build.0 = Release|Any CPU
		{11BB5E63-52BA-45C1-A017-A3E7EE3F7027}.Debug|Any CPU.ActiveCfg = Debug|Any CPU
		{11BB5E63-52BA-45C1-A017-A3E7EE3F7027}.Debug|Any CPU.Build.0 = Debug|Any CPU
		{11BB5E63-52BA-45C1-A017-A3E7EE3F7027}.Release|Any CPU.ActiveCfg = Release|Any CPU
		{11BB5E63-52BA-45C1-A017-A3E7EE3F7027}.Release|Any CPU.Build.0 = Release|Any CPU
		{68CC1F50-FD8E-48DB-B9D0-9773870D08EA}.Debug|Any CPU.ActiveCfg = Debug|Any CPU
		{68CC1F50-FD8E-48DB-B9D0-9773870D08EA}.Debug|Any CPU.Build.0 = Debug|Any CPU
		{68CC1F50-FD8E-48DB-B9D0-9773870D08EA}.Release|Any CPU.ActiveCfg = Release|Any CPU
		{68CC1F50-FD8E-48DB-B9D0-9773870D08EA}.Release|Any CPU.Build.0 = Release|Any CPU
		{0B6D167E-147F-49E7-A3F9-173E2646AAE9}.Debug|Any CPU.ActiveCfg = Debug|Any CPU
		{0B6D167E-147F-49E7-A3F9-173E2646AAE9}.Debug|Any CPU.Build.0 = Debug|Any CPU
		{0B6D167E-147F-49E7-A3F9-173E2646AAE9}.Release|Any CPU.ActiveCfg = Release|Any CPU
		{0B6D167E-147F-49E7-A3F9-173E2646AAE9}.Release|Any CPU.Build.0 = Release|Any CPU
		{B3713512-814A-4EE0-A759-192B32E73ED7}.Debug|Any CPU.ActiveCfg = Debug|Any CPU
		{B3713512-814A-4EE0-A759-192B32E73ED7}.Debug|Any CPU.Build.0 = Debug|Any CPU
		{B3713512-814A-4EE0-A759-192B32E73ED7}.Release|Any CPU.ActiveCfg = Release|Any CPU
		{B3713512-814A-4EE0-A759-192B32E73ED7}.Release|Any CPU.Build.0 = Release|Any CPU
	EndGlobalSection
	GlobalSection(SolutionProperties) = preSolution
		HideSolutionNode = FALSE
	EndGlobalSection
	GlobalSection(NestedProjects) = preSolution
		{4DCE7079-CB2A-4E61-B5E5-572EC2BB07D8} = {753A380E-5EF4-4725-846A-AA2243CDA260}
		{11BB5E63-52BA-45C1-A017-A3E7EE3F7027} = {D729E1F5-6F99-47FF-96AA-83F7FE3D848B}
		{68CC1F50-FD8E-48DB-B9D0-9773870D08EA} = {BCCC3F14-F62F-4257-92E5-35DE37A12034}
		{0B6D167E-147F-49E7-A3F9-173E2646AAE9} = {A4E07E19-C850-4277-81E1-F0640DF9C07F}
		{B3713512-814A-4EE0-A759-192B32E73ED7} = {A4E07E19-C850-4277-81E1-F0640DF9C07F}
	EndGlobalSection
	GlobalSection(ExtensibilityGlobals) = postSolution
		SolutionGuid = {8AF18154-F8A2-4E31-940D-3FE855C8737B}
	EndGlobalSection
EndGlobal
